
Microsoft Visual Studio Solution File, Format Version 12.00
# Visual Studio Version 16
VisualStudioVersion = 16.0.30002.166
MinimumVisualStudioVersion = 10.0.40219.1
Project("{9A19103F-16F7-4668-BE54-9A1E7A4F7556}") = "Adapter", "Adapter\Adapter.csproj", "{CDF1E1B1-C8C3-4D5D-AF6B-F8BAC92FB053}"
EndProject
Project("{9A19103F-16F7-4668-BE54-9A1E7A4F7556}") = "Facade", "Facade\Facade.csproj", "{A761690B-D2EC-4A1A-A945-8A57B216514E}"
EndProject
Project("{9A19103F-16F7-4668-BE54-9A1E7A4F7556}") = "Observer", "Observer\Observer.csproj", "{3750F450-5D8A-43C9-969A-00B2F88BAD23}"
EndProject
Project("{FAE04EC0-301F-11D3-BF4B-00C04F79EFBC}") = "ObserverWithEvent", "ObserverWithEvent\ObserverWithEvent.csproj", "{BE893F06-EEEE-4900-AAEB-C002B3905587}"
EndProject
Global
	GlobalSection(SolutionConfigurationPlatforms) = preSolution
		Debug|Any CPU = Debug|Any CPU
		Release|Any CPU = Release|Any CPU
	EndGlobalSection
	GlobalSection(ProjectConfigurationPlatforms) = postSolution
		{CDF1E1B1-C8C3-4D5D-AF6B-F8BAC92FB053}.Debug|Any CPU.ActiveCfg = Debug|Any CPU
		{CDF1E1B1-C8C3-4D5D-AF6B-F8BAC92FB053}.Debug|Any CPU.Build.0 = Debug|Any CPU
		{CDF1E1B1-C8C3-4D5D-AF6B-F8BAC92FB053}.Release|Any CPU.ActiveCfg = Release|Any CPU
		{CDF1E1B1-C8C3-4D5D-AF6B-F8BAC92FB053}.Release|Any CPU.Build.0 = Release|Any CPU
		{A761690B-D2EC-4A1A-A945-8A57B216514E}.Debug|Any CPU.ActiveCfg = Debug|Any CPU
		{A761690B-D2EC-4A1A-A945-8A57B216514E}.Debug|Any CPU.Build.0 = Debug|Any CPU
		{A761690B-D2EC-4A1A-A945-8A57B216514E}.Release|Any CPU.ActiveCfg = Release|Any CPU
		{A761690B-D2EC-4A1A-A945-8A57B216514E}.Release|Any CPU.Build.0 = Release|Any CPU
		{3750F450-5D8A-43C9-969A-00B2F88BAD23}.Debug|Any CPU.ActiveCfg = Debug|Any CPU
		{3750F450-5D8A-43C9-969A-00B2F88BAD23}.Debug|Any CPU.Build.0 = Debug|Any CPU
		{3750F450-5D8A-43C9-969A-00B2F88BAD23}.Release|Any CPU.ActiveCfg = Release|Any CPU
		{3750F450-5D8A-43C9-969A-00B2F88BAD23}.Release|Any CPU.Build.0 = Release|Any CPU
		{BE893F06-EEEE-4900-AAEB-C002B3905587}.Debug|Any CPU.ActiveCfg = Debug|Any CPU
		{BE893F06-EEEE-4900-AAEB-C002B3905587}.Debug|Any CPU.Build.0 = Debug|Any CPU
		{BE893F06-EEEE-4900-AAEB-C002B3905587}.Release|Any CPU.ActiveCfg = Release|Any CPU
		{BE893F06-EEEE-4900-AAEB-C002B3905587}.Release|Any CPU.Build.0 = Release|Any CPU
	EndGlobalSection
	GlobalSection(SolutionProperties) = preSolution
		HideSolutionNode = FALSE
	EndGlobalSection
	GlobalSection(ExtensibilityGlobals) = postSolution
		SolutionGuid = {B89A057E-4824-4BD5-98C8-497A4C8DF2A9}
	EndGlobalSection
EndGlobal
